
Microsoft Visual Studio Solution File, Format Version 12.00
# Visual Studio Version 17
VisualStudioVersion = 17.0.31903.59
MinimumVisualStudioVersion = 10.0.40219.1
Project("{FAE04EC0-301F-11D3-BF4B-00C04F79EFBC}") = "Gs1Belu.MyProductManager.Upload", "Gs1Belu.MyProductManager.Upload\Gs1Belu.MyProductManager.Upload.csproj", "{DC53FC44-F735-43BC-B67A-343B4E19C75C}"
EndProject
Project("{FAE04EC0-301F-11D3-BF4B-00C04F79EFBC}") = "Gs1Belu.MyProductManager.Download", "Gs1Belu.MyProductManager.Download\Gs1Belu.MyProductManager.Download.csproj", "{FA0632E3-56B2-4ED6-B132-27F2B979FB18}"
EndProject
Project("{FAE04EC0-301F-11D3-BF4B-00C04F79EFBC}") = "Gs1Belu.MyProductManager.Upload.Tests", "Gs1Belu.MyProductManager.Upload.Tests\Gs1Belu.MyProductManager.Upload.Tests.csproj", "{26EC6AAD-EC09-4968-A19E-6B04737BF19C}"
EndProject
Project("{FAE04EC0-301F-11D3-BF4B-00C04F79EFBC}") = "Gs1Belu.MyProductManager.Download.Tests", "Gs1Belu.MyProductManager.Download.Tests\Gs1Belu.MyProductManager.Download.Tests.csproj", "{B92B0B36-1737-4256-94E6-8AC5334B033A}"
EndProject
Global
	GlobalSection(SolutionConfigurationPlatforms) = preSolution
		Debug|Any CPU = Debug|Any CPU
		Debug|x64 = Debug|x64
		Debug|x86 = Debug|x86
		Release|Any CPU = Release|Any CPU
		Release|x64 = Release|x64
		Release|x86 = Release|x86
	EndGlobalSection
	GlobalSection(ProjectConfigurationPlatforms) = postSolution
		{DC53FC44-F735-43BC-B67A-343B4E19C75C}.Debug|Any CPU.ActiveCfg = Debug|Any CPU
		{DC53FC44-F735-43BC-B67A-343B4E19C75C}.Debug|Any CPU.Build.0 = Debug|Any CPU
		{DC53FC44-F735-43BC-B67A-343B4E19C75C}.Debug|x64.ActiveCfg = Debug|Any CPU
		{DC53FC44-F735-43BC-B67A-343B4E19C75C}.Debug|x64.Build.0 = Debug|Any CPU
		{DC53FC44-F735-43BC-B67A-343B4E19C75C}.Debug|x86.ActiveCfg = Debug|Any CPU
		{DC53FC44-F735-43BC-B67A-343B4E19C75C}.Debug|x86.Build.0 = Debug|Any CPU
		{DC53FC44-F735-43BC-B67A-343B4E19C75C}.Release|Any CPU.ActiveCfg = Release|Any CPU
		{DC53FC44-F735-43BC-B67A-343B4E19C75C}.Release|Any CPU.Build.0 = Release|Any CPU
		{DC53FC44-F735-43BC-B67A-343B4E19C75C}.Release|x64.ActiveCfg = Release|Any CPU
		{DC53FC44-F735-43BC-B67A-343B4E19C75C}.Release|x64.Build.0 = Release|Any CPU
		{DC53FC44-F735-43BC-B67A-343B4E19C75C}.Release|x86.ActiveCfg = Release|Any CPU
		{DC53FC44-F735-43BC-B67A-343B4E19C75C}.Release|x86.Build.0 = Release|Any CPU
		{FA0632E3-56B2-4ED6-B132-27F2B979FB18}.Debug|Any CPU.ActiveCfg = Debug|Any CPU
		{FA0632E3-56B2-4ED6-B132-27F2B979FB18}.Debug|Any CPU.Build.0 = Debug|Any CPU
		{FA0632E3-56B2-4ED6-B132-27F2B979FB18}.Debug|x64.ActiveCfg = Debug|Any CPU
		{FA0632E3-56B2-4ED6-B132-27F2B979FB18}.Debug|x64.Build.0 = Debug|Any CPU
		{FA0632E3-56B2-4ED6-B132-27F2B979FB18}.Debug|x86.ActiveCfg = Debug|Any CPU
		{FA0632E3-56B2-4ED6-B132-27F2B979FB18}.Debug|x86.Build.0 = Debug|Any CPU
		{FA0632E3-56B2-4ED6-B132-27F2B979FB18}.Release|Any CPU.ActiveCfg = Release|Any CPU
		{FA0632E3-56B2-4ED6-B132-27F2B979FB18}.Release|Any CPU.Build.0 = Release|Any CPU
		{FA0632E3-56B2-4ED6-B132-27F2B979FB18}.Release|x64.ActiveCfg = Release|Any CPU
		{FA0632E3-56B2-4ED6-B132-27F2B979FB18}.Release|x64.Build.0 = Release|Any CPU
		{FA0632E3-56B2-4ED6-B132-27F2B979FB18}.Release|x86.ActiveCfg = Release|Any CPU
		{FA0632E3-56B2-4ED6-B132-27F2B979FB18}.Release|x86.Build.0 = Release|Any CPU
		{26EC6AAD-EC09-4968-A19E-6B04737BF19C}.Debug|Any CPU.ActiveCfg = Debug|Any CPU
		{26EC6AAD-EC09-4968-A19E-6B04737BF19C}.Debug|Any CPU.Build.0 = Debug|Any CPU
		{26EC6AAD-EC09-4968-A19E-6B04737BF19C}.Debug|x64.ActiveCfg = Debug|Any CPU
		{26EC6AAD-EC09-4968-A19E-6B04737BF19C}.Debug|x64.Build.0 = Debug|Any CPU
		{26EC6AAD-EC09-4968-A19E-6B04737BF19C}.Debug|x86.ActiveCfg = Debug|Any CPU
		{26EC6AAD-EC09-4968-A19E-6B04737BF19C}.Debug|x86.Build.0 = Debug|Any CPU
		{26EC6AAD-EC09-4968-A19E-6B04737BF19C}.Release|Any CPU.ActiveCfg = Release|Any CPU
		{26EC6AAD-EC09-4968-A19E-6B04737BF19C}.Release|Any CPU.Build.0 = Release|Any CPU
		{26EC6AAD-EC09-4968-A19E-6B04737BF19C}.Release|x64.ActiveCfg = Release|Any CPU
		{26EC6AAD-EC09-4968-A19E-6B04737BF19C}.Release|x64.Build.0 = Release|Any CPU
		{26EC6AAD-EC09-4968-A19E-6B04737BF19C}.Release|x86.ActiveCfg = Release|Any CPU
		{26EC6AAD-EC09-4968-A19E-6B04737BF19C}.Release|x86.Build.0 = Release|Any CPU
		{B92B0B36-1737-4256-94E6-8AC5334B033A}.Debug|Any CPU.ActiveCfg = Debug|Any CPU
		{B92B0B36-1737-4256-94E6-8AC5334B033A}.Debug|Any CPU.Build.0 = Debug|Any CPU
		{B92B0B36-1737-4256-94E6-8AC5334B033A}.Debug|x64.ActiveCfg = Debug|Any CPU
		{B92B0B36-1737-4256-94E6-8AC5334B033A}.Debug|x64.Build.0 = Debug|Any CPU
		{B92B0B36-1737-4256-94E6-8AC5334B033A}.Debug|x86.ActiveCfg = Debug|Any CPU
		{B92B0B36-1737-4256-94E6-8AC5334B033A}.Debug|x86.Build.0 = Debug|Any CPU
		{B92B0B36-1737-4256-94E6-8AC5334B033A}.Release|Any CPU.ActiveCfg = Release|Any CPU
		{B92B0B36-1737-4256-94E6-8AC5334B033A}.Release|Any CPU.Build.0 = Release|Any CPU
		{B92B0B36-1737-4256-94E6-8AC5334B033A}.Release|x64.ActiveCfg = Release|Any CPU
		{B92B0B36-1737-4256-94E6-8AC5334B033A}.Release|x64.Build.0 = Release|Any CPU
		{B92B0B36-1737-4256-94E6-8AC5334B033A}.Release|x86.ActiveCfg = Release|Any CPU
		{B92B0B36-1737-4256-94E6-8AC5334B033A}.Release|x86.Build.0 = Release|Any CPU
	EndGlobalSection
	GlobalSection(SolutionProperties) = preSolution
		HideSolutionNode = FALSE
	EndGlobalSection
EndGlobal
